
Microsoft Visual Studio Solution File, Format Version 12.00
Project("{FAE04EC0-301F-11D3-BF4B-00C04F79EFBC}") = "DemoAppWebApp", "DemoAppWebApp\DemoAppWebApp.csproj", "{AFDEC97E-DCA0-4CAF-B1B9-57D444A6DCE0}"
EndProject
Global
	GlobalSection(SolutionConfigurationPlatforms) = preSolution
		Debug|Any CPU = Debug|Any CPU
		Release|Any CPU = Release|Any CPU
	EndGlobalSection
	GlobalSection(ProjectConfigurationPlatforms) = postSolution
		{AFDEC97E-DCA0-4CAF-B1B9-57D444A6DCE0}.Debug|Any CPU.ActiveCfg = Debug|Any CPU
		{AFDEC97E-DCA0-4CAF-B1B9-57D444A6DCE0}.Debug|Any CPU.Build.0 = Debug|Any CPU
		{AFDEC97E-DCA0-4CAF-B1B9-57D444A6DCE0}.Release|Any CPU.ActiveCfg = Release|Any CPU
		{AFDEC97E-DCA0-4CAF-B1B9-57D444A6DCE0}.Release|Any CPU.Build.0 = Release|Any CPU
	EndGlobalSection
EndGlobal
